<?xml version="1.0" encoding="utf-8"?>
<Project ToolsVersion="4.0" xmlns="http://schemas.microsoft.com/developer/msbuild/2003">
  <ItemGroup>
    <Filter Include="Source Files">
      <UniqueIdentifier>{f1f02e4d-8707-492c-93ed-a9b52899f37a}</UniqueIdentifier>
      <Extensions>cpp;c;cxx;rc;def;r;odl;idl;hpj;bat</Extensions>
    </Filter>
    <Filter Include="Header Files">
      <UniqueIdentifier>{09422c26-322c-431b-84b4-4b0debcffff2}</UniqueIdentifier>
      <Extensions>h;hpp;hxx;hm;inl</Extensions>
    </Filter>
    <Filter Include="Resource Files">
      <UniqueIdentifier>{73bbbaf8-7247-4bc8-ae97-ef6f29e3eb9e}</UniqueIdentifier>
      <Extensions>ico;cur;bmp;dlg;rc2;rct;bin;rgs;gif;jpg;jpeg;jpe</Extensions>
    </Filter>
    <Filter Include="Far-Api">
      <UniqueIdentifier>{57795294-768f-4de1-970c-5919843fe4fa}</UniqueIdentifier>
    </Filter>
    <Filter Include="Far-Api\Far3Lua">
      <UniqueIdentifier>{68688e7d-52a1-44bf-853c-e7946104abee}</UniqueIdentifier>
    </Filter>
    <Filter Include="Exports">
      <UniqueIdentifier>{5a501438-b0e2-49a8-9dc9-e199360914ca}</UniqueIdentifier>
    </Filter>
  </ItemGroup>
  <ItemGroup>
    <ClCompile Include="BlockEditor.cpp">
      <Filter>Source Files</Filter>
    </ClCompile>
  </ItemGroup>
  <ItemGroup>
    <None Include="Resource.rc2">
      <Filter>Resource Files</Filter>
    </None>
    <None Include="..\Release\Changelog" />
  </ItemGroup>
  <ItemGroup>
    <ClInclude Include="BlockEditorRes.h">
      <Filter>Header Files</Filter>
    </ClInclude>
    <ClInclude Include="version.h" />
    <ClInclude Include="..\..\common\FarHelper.h">
      <Filter>Far-Api</Filter>
    </ClInclude>
    <ClInclude Include="..\..\common\plugin.h">
      <Filter>Far-Api</Filter>
    </ClInclude>
    <ClInclude Include="..\..\common\far3l\pluginW3l.hpp">
      <Filter>Far-Api\Far3Lua</Filter>
    </ClInclude>
    <ClInclude Include="..\..\common\far3l\PluginSettings.hpp">
      <Filter>Far-Api\Far3Lua</Filter>
    </ClInclude>
  </ItemGroup>
  <ItemGroup>
    <ResourceCompile Include="resource.rc">
      <Filter>Resource Files</Filter>
    </ResourceCompile>
  </ItemGroup>
  <ItemGroup>
    <CustomBuild Include="BlockEditor.def">
      <Filter>Exports</Filter>
    </CustomBuild>
    <CustomBuild Include="BlockEditorW.def">
      <Filter>Exports</Filter>
    </CustomBuild>
    <CustomBuild Include="BlockEditorW3.def">
      <Filter>Exports</Filter>
    </CustomBuild>
  </ItemGroup>
</Project>